
Microsoft Visual Studio Solution File, Format Version 12.00
# Visual Studio 15
VisualStudioVersion = 15.0.27130.2010
MinimumVisualStudioVersion = 10.0.40219.1
Project("{9092AA53-FB77-4645-B42D-1CCCA6BD08BD}") = "isanyof", "isanyof\isanyof.njsproj", "{2051B1E5-2A67-4F6D-845D-B414828B4A14}"
EndProject
Global
	GlobalSection(SolutionConfigurationPlatforms) = preSolution
		Debug|Any CPU = Debug|Any CPU
		Release|Any CPU = Release|Any CPU
	EndGlobalSection
	GlobalSection(ProjectConfigurationPlatforms) = postSolution
		{2051B1E5-2A67-4F6D-845D-B414828B4A14}.Debug|Any CPU.ActiveCfg = Debug|Any CPU
		{2051B1E5-2A67-4F6D-845D-B414828B4A14}.Debug|Any CPU.Build.0 = Debug|Any CPU
		{2051B1E5-2A67-4F6D-845D-B414828B4A14}.Release|Any CPU.ActiveCfg = Release|Any CPU
		{2051B1E5-2A67-4F6D-845D-B414828B4A14}.Release|Any CPU.Build.0 = Release|Any CPU
	EndGlobalSection
	GlobalSection(SolutionProperties) = preSolution
		HideSolutionNode = FALSE
	EndGlobalSection
	GlobalSection(ExtensibilityGlobals) = postSolution
		SolutionGuid = {D4AA6243-CDC0-46CB-A004-FB6F45A848B3}
	EndGlobalSection
EndGlobal
